<?xml version="1.0" encoding="UTF-8"?>
<Project ToolsVersion="12.0" xmlns="http://schemas.microsoft.com/developer/msbuild/2003">
  <ItemGroup>
    <ClCompile Include="F:\YQ\sourcecode\test\libevent\event_tagging.c">
      <Filter>Source Extra</Filter>
    </ClCompile>
    <ClCompile Include="F:\YQ\sourcecode\test\libevent\http.c">
      <Filter>Source Extra</Filter>
    </ClCompile>
    <ClCompile Include="F:\YQ\sourcecode\test\libevent\evdns.c">
      <Filter>Source Extra</Filter>
    </ClCompile>
    <ClCompile Include="F:\YQ\sourcecode\test\libevent\evrpc.c">
      <Filter>Source Extra</Filter>
    </ClCompile>
  </ItemGroup>
  <ItemGroup>
    <CustomBuild Include="F:\YQ\sourcecode\test\libevent\CMakeLists.txt" />
  </ItemGroup>
  <ItemGroup>
    <Filter Include="Source Extra">
      <UniqueIdentifier>{5DBDC291-52F7-3401-9925-DFF34BC948ED}</UniqueIdentifier>
    </Filter>
  </ItemGroup>
</Project>
