Microsoft Visual Studio Solution File, Format Version 12.00
# Visual Studio 2013
Project("{8BC9CEB8-8B4A-11D0-8D11-00A0C91BC942}") = "ALL_BUILD", "ALL_BUILD.vcxproj", "{CA972FEB-7B14-3B6E-AE47-9559098FB072}"
	ProjectSection(ProjectDependencies) = postProject
		{862FC033-E54C-3C79-9CC4-C34142C9675C} = {862FC033-E54C-3C79-9CC4-C34142C9675C}
		{D040DB7E-B202-3496-9679-19BDF6E47B06} = {D040DB7E-B202-3496-9679-19BDF6E47B06}
		{33657E36-CE64-366E-AD52-D6EDBE4596FD} = {33657E36-CE64-366E-AD52-D6EDBE4596FD}
		{4A6B02E3-1D9F-3F78-9C85-188AB3B88006} = {4A6B02E3-1D9F-3F78-9C85-188AB3B88006}
		{9C09D47B-E314-3C56-9491-A29C6751E00B} = {9C09D47B-E314-3C56-9491-A29C6751E00B}
		{24491635-0913-31BE-9EE9-6447AAFCE050} = {24491635-0913-31BE-9EE9-6447AAFCE050}
		{EED3462C-A693-33D5-AC16-63C3B5AFA78D} = {EED3462C-A693-33D5-AC16-63C3B5AFA78D}
	EndProjectSection
EndProject
Project("{8BC9CEB8-8B4A-11D0-8D11-00A0C91BC942}") = "INSTALL", "INSTALL.vcxproj", "{764B6F65-C285-3A90-9729-7EAB7036223B}"
	ProjectSection(ProjectDependencies) = postProject
		{CA972FEB-7B14-3B6E-AE47-9559098FB072} = {CA972FEB-7B14-3B6E-AE47-9559098FB072}
		{862FC033-E54C-3C79-9CC4-C34142C9675C} = {862FC033-E54C-3C79-9CC4-C34142C9675C}
	EndProjectSection
EndProject
Project("{8BC9CEB8-8B4A-11D0-8D11-00A0C91BC942}") = "ZERO_CHECK", "ZERO_CHECK.vcxproj", "{862FC033-E54C-3C79-9CC4-C34142C9675C}"
	ProjectSection(ProjectDependencies) = postProject
	EndProjectSection
EndProject
Project("{8BC9CEB8-8B4A-11D0-8D11-00A0C91BC942}") = "event_core_shared", "event_core_shared.vcxproj", "{D040DB7E-B202-3496-9679-19BDF6E47B06}"
	ProjectSection(ProjectDependencies) = postProject
		{862FC033-E54C-3C79-9CC4-C34142C9675C} = {862FC033-E54C-3C79-9CC4-C34142C9675C}
	EndProjectSection
EndProject
Project("{8BC9CEB8-8B4A-11D0-8D11-00A0C91BC942}") = "event_core_static", "event_core_static.vcxproj", "{33657E36-CE64-366E-AD52-D6EDBE4596FD}"
	ProjectSection(ProjectDependencies) = postProject
		{862FC033-E54C-3C79-9CC4-C34142C9675C} = {862FC033-E54C-3C79-9CC4-C34142C9675C}
	EndProjectSection
EndProject
Project("{8BC9CEB8-8B4A-11D0-8D11-00A0C91BC942}") = "event_extra_shared", "event_extra_shared.vcxproj", "{4A6B02E3-1D9F-3F78-9C85-188AB3B88006}"
	ProjectSection(ProjectDependencies) = postProject
		{862FC033-E54C-3C79-9CC4-C34142C9675C} = {862FC033-E54C-3C79-9CC4-C34142C9675C}
		{D040DB7E-B202-3496-9679-19BDF6E47B06} = {D040DB7E-B202-3496-9679-19BDF6E47B06}
	EndProjectSection
EndProject
Project("{8BC9CEB8-8B4A-11D0-8D11-00A0C91BC942}") = "event_extra_static", "event_extra_static.vcxproj", "{9C09D47B-E314-3C56-9491-A29C6751E00B}"
	ProjectSection(ProjectDependencies) = postProject
		{862FC033-E54C-3C79-9CC4-C34142C9675C} = {862FC033-E54C-3C79-9CC4-C34142C9675C}
	EndProjectSection
EndProject
Project("{8BC9CEB8-8B4A-11D0-8D11-00A0C91BC942}") = "event_shared", "event_shared.vcxproj", "{24491635-0913-31BE-9EE9-6447AAFCE050}"
	ProjectSection(ProjectDependencies) = postProject
		{862FC033-E54C-3C79-9CC4-C34142C9675C} = {862FC033-E54C-3C79-9CC4-C34142C9675C}
	EndProjectSection
EndProject
Project("{8BC9CEB8-8B4A-11D0-8D11-00A0C91BC942}") = "event_static", "event_static.vcxproj", "{EED3462C-A693-33D5-AC16-63C3B5AFA78D}"
	ProjectSection(ProjectDependencies) = postProject
		{862FC033-E54C-3C79-9CC4-C34142C9675C} = {862FC033-E54C-3C79-9CC4-C34142C9675C}
	EndProjectSection
EndProject
Global
	GlobalSection(SolutionConfigurationPlatforms) = preSolution
		Debug|Win32 = Debug|Win32
		Release|Win32 = Release|Win32
	EndGlobalSection
	GlobalSection(ProjectConfigurationPlatforms) = postSolution
		{CA972FEB-7B14-3B6E-AE47-9559098FB072}.Debug|Win32.ActiveCfg = Debug|Win32
		{CA972FEB-7B14-3B6E-AE47-9559098FB072}.Debug|Win32.Build.0 = Debug|Win32
		{CA972FEB-7B14-3B6E-AE47-9559098FB072}.Release|Win32.ActiveCfg = Release|Win32
		{CA972FEB-7B14-3B6E-AE47-9559098FB072}.Release|Win32.Build.0 = Release|Win32
		{764B6F65-C285-3A90-9729-7EAB7036223B}.Debug|Win32.ActiveCfg = Debug|Win32
		{764B6F65-C285-3A90-9729-7EAB7036223B}.Release|Win32.ActiveCfg = Release|Win32
		{862FC033-E54C-3C79-9CC4-C34142C9675C}.Debug|Win32.ActiveCfg = Debug|Win32
		{862FC033-E54C-3C79-9CC4-C34142C9675C}.Debug|Win32.Build.0 = Debug|Win32
		{862FC033-E54C-3C79-9CC4-C34142C9675C}.Release|Win32.ActiveCfg = Release|Win32
		{862FC033-E54C-3C79-9CC4-C34142C9675C}.Release|Win32.Build.0 = Release|Win32
		{D040DB7E-B202-3496-9679-19BDF6E47B06}.Debug|Win32.ActiveCfg = Debug|Win32
		{D040DB7E-B202-3496-9679-19BDF6E47B06}.Debug|Win32.Build.0 = Debug|Win32
		{D040DB7E-B202-3496-9679-19BDF6E47B06}.Release|Win32.ActiveCfg = Release|Win32
		{D040DB7E-B202-3496-9679-19BDF6E47B06}.Release|Win32.Build.0 = Release|Win32
		{33657E36-CE64-366E-AD52-D6EDBE4596FD}.Debug|Win32.ActiveCfg = Debug|Win32
		{33657E36-CE64-366E-AD52-D6EDBE4596FD}.Debug|Win32.Build.0 = Debug|Win32
		{33657E36-CE64-366E-AD52-D6EDBE4596FD}.Release|Win32.ActiveCfg = Release|Win32
		{33657E36-CE64-366E-AD52-D6EDBE4596FD}.Release|Win32.Build.0 = Release|Win32
		{4A6B02E3-1D9F-3F78-9C85-188AB3B88006}.Debug|Win32.ActiveCfg = Debug|Win32
		{4A6B02E3-1D9F-3F78-9C85-188AB3B88006}.Debug|Win32.Build.0 = Debug|Win32
		{4A6B02E3-1D9F-3F78-9C85-188AB3B88006}.Release|Win32.ActiveCfg = Release|Win32
		{4A6B02E3-1D9F-3F78-9C85-188AB3B88006}.Release|Win32.Build.0 = Release|Win32
		{9C09D47B-E314-3C56-9491-A29C6751E00B}.Debug|Win32.ActiveCfg = Debug|Win32
		{9C09D47B-E314-3C56-9491-A29C6751E00B}.Debug|Win32.Build.0 = Debug|Win32
		{9C09D47B-E314-3C56-9491-A29C6751E00B}.Release|Win32.ActiveCfg = Release|Win32
		{9C09D47B-E314-3C56-9491-A29C6751E00B}.Release|Win32.Build.0 = Release|Win32
		{24491635-0913-31BE-9EE9-6447AAFCE050}.Debug|Win32.ActiveCfg = Debug|Win32
		{24491635-0913-31BE-9EE9-6447AAFCE050}.Debug|Win32.Build.0 = Debug|Win32
		{24491635-0913-31BE-9EE9-6447AAFCE050}.Release|Win32.ActiveCfg = Release|Win32
		{24491635-0913-31BE-9EE9-6447AAFCE050}.Release|Win32.Build.0 = Release|Win32
		{EED3462C-A693-33D5-AC16-63C3B5AFA78D}.Debug|Win32.ActiveCfg = Debug|Win32
		{EED3462C-A693-33D5-AC16-63C3B5AFA78D}.Debug|Win32.Build.0 = Debug|Win32
		{EED3462C-A693-33D5-AC16-63C3B5AFA78D}.Release|Win32.ActiveCfg = Release|Win32
		{EED3462C-A693-33D5-AC16-63C3B5AFA78D}.Release|Win32.Build.0 = Release|Win32
	EndGlobalSection
	GlobalSection(ExtensibilityGlobals) = postSolution
	EndGlobalSection
	GlobalSection(ExtensibilityAddIns) = postSolution
	EndGlobalSection
EndGlobal
